
Microsoft Visual Studio Solution File, Format Version 12.00
# Visual Studio Version 17
VisualStudioVersion = 17.8.34330.188
MinimumVisualStudioVersion = 10.0.40219.1
Project("{FAE04EC0-301F-11D3-BF4B-00C04F79EFBC}") = "Press the button", "Press the button\Press the button.csproj", "{606667D0-06A5-4916-8611-8F8775CFC73A}"
EndProject
Global
	GlobalSection(SolutionConfigurationPlatforms) = preSolution
		Debug|Any CPU = Debug|Any CPU
		Release|Any CPU = Release|Any CPU
	EndGlobalSection
	GlobalSection(ProjectConfigurationPlatforms) = postSolution
		{606667D0-06A5-4916-8611-8F8775CFC73A}.Debug|Any CPU.ActiveCfg = Debug|Any CPU
		{606667D0-06A5-4916-8611-8F8775CFC73A}.Debug|Any CPU.Build.0 = Debug|Any CPU
		{606667D0-06A5-4916-8611-8F8775CFC73A}.Release|Any CPU.ActiveCfg = Release|Any CPU
		{606667D0-06A5-4916-8611-8F8775CFC73A}.Release|Any CPU.Build.0 = Release|Any CPU
	EndGlobalSection
	GlobalSection(SolutionProperties) = preSolution
		HideSolutionNode = FALSE
	EndGlobalSection
	GlobalSection(ExtensibilityGlobals) = postSolution
		SolutionGuid = {4EC76732-F5C1-47F9-9ACE-D1B61F31D289}
	EndGlobalSection
EndGlobal
